PODS:
  - Alamofire (4.7.3)
  - Cartography (3.1.0)
  - MessageKit (1.0.0)

DEPENDENCIES:
  - Alamofire
  - Cartography
  - MessageKit

SPEC CHECKSUMS:
  Alamofire: c7287b6e5d7da964a70935e5db17046b7fde6568
  Cartography: 1988b7578871a56c036e7af17195cb2190edf18c
  MessageKit: 16160036b16476b04bd0e9f2c7ce67e662e503e4

PODFILE CHECKSUM: 4c9b5c043a95d2109150b0d0e3e0d96f8361607a

COCOAPODS: 1.4.0
