// !$*UTF8*$!
{
	archiveVersion = 1;
	classes = {
	};
	objectVersion = 50;
	objects = {

/* Begin PBXBuildFile section */
		177D807410357E319ADA1568 /* Pods_MapDemoApp.framework in Frameworks */ = {isa = PBXBuildFile; fileRef = 6DD4333B2CEFCA2ADBB60635 /* Pods_MapDemoApp.framework */; };
		35068EEF224257BC00DDC7D5 /* ChatStrings.strings in Resources */ = {isa = PBXBuildFile; fileRef = 35068EF1224257BC00DDC7D5 /* ChatStrings.strings */; };
		35068EF322429F1D00DDC7D5 /* ChatContainerViewController.swift in Sources */ = {isa = PBXBuildFile; fileRef = 35068EF222429F1D00DDC7D5 /* ChatContainerViewController.swift */; };
		353BEE6D2237E5E600F956D9 /* MapKit extension.swift in Sources */ = {isa = PBXBuildFile; fileRef = 353BEE6C2237E5E600F956D9 /* MapKit extension.swift */; };
		353D908B22367329004BB44C /* MapState.swift in Sources */ = {isa = PBXBuildFile; fileRef = 353D908A22367329004BB44C /* MapState.swift */; };
		353D908F22367453004BB44C /* MapModel.swift in Sources */ = {isa = PBXBuildFile; fileRef = 353D908E22367453004BB44C /* MapModel.swift */; };
		353D909422368773004BB44C /* MapUtils.swift in Sources */ = {isa = PBXBuildFile; fileRef = 353D909322368773004BB44C /* MapUtils.swift */; };
		353D909622369613004BB44C /* UIView extension.swift in Sources */ = {isa = PBXBuildFile; fileRef = 353D909522369613004BB44C /* UIView extension.swift */; };
		35401886223A22610002BCF2 /* DiscoverySettingViewController.swift in Sources */ = {isa = PBXBuildFile; fileRef = 35401885223A22610002BCF2 /* DiscoverySettingViewController.swift */; };
		35401888223A3E3F0002BCF2 /* CustomAnnotationView.swift in Sources */ = {isa = PBXBuildFile; fileRef = 35401887223A3E3F0002BCF2 /* CustomAnnotationView.swift */; };
		3540188B223A45000002BCF2 /* default_profile_image.png in Resources */ = {isa = PBXBuildFile; fileRef = 3540188A223A45000002BCF2 /* default_profile_image.png */; };
		3540188D223A46110002BCF2 /* UIImage extension.swift in Sources */ = {isa = PBXBuildFile; fileRef = 3540188C223A46110002BCF2 /* UIImage extension.swift */; };
		35401891223AA4DA0002BCF2 /* APIClient.swift in Sources */ = {isa = PBXBuildFile; fileRef = 35401890223AA4DA0002BCF2 /* APIClient.swift */; };
		35401893223AA50A0002BCF2 /* RequestProtocol.swift in Sources */ = {isa = PBXBuildFile; fileRef = 35401892223AA50A0002BCF2 /* RequestProtocol.swift */; };
		35401895223AA84A0002BCF2 /* GetNearPeopleNumber.swift in Sources */ = {isa = PBXBuildFile; fileRef = 35401894223AA84A0002BCF2 /* GetNearPeopleNumber.swift */; };
		355D718A224CCB8C00C3CAC1 /* RateUserViewController.swift in Sources */ = {isa = PBXBuildFile; fileRef = 355D7189224CCB8C00C3CAC1 /* RateUserViewController.swift */; };
		356A4AA8224717B80080DD9A /* CustomPresentationController.swift in Sources */ = {isa = PBXBuildFile; fileRef = 356A4AA7224717B80080DD9A /* CustomPresentationController.swift */; };
		356A4AAA224727E80080DD9A /* VerticalProfileView.swift in Sources */ = {isa = PBXBuildFile; fileRef = 356A4AA9224727E80080DD9A /* VerticalProfileView.swift */; };
		356A4AAC224727FD0080DD9A /* VerticalProfileView.xib in Resources */ = {isa = PBXBuildFile; fileRef = 356A4AAB224727FD0080DD9A /* VerticalProfileView.xib */; };
		356D38E2224535D60024F97E /* CustomMKCircle.swift in Sources */ = {isa = PBXBuildFile; fileRef = 356D38E1224535D60024F97E /* CustomMKCircle.swift */; };
		356D38E42246812B0024F97E /* MapSearchBarView.swift in Sources */ = {isa = PBXBuildFile; fileRef = 356D38E32246812B0024F97E /* MapSearchBarView.swift */; };
		3583CEB72234C1D700621F1F /* RoundFloatingButton.swift in Sources */ = {isa = PBXBuildFile; fileRef = 3583CEB62234C1D700621F1F /* RoundFloatingButton.swift */; };
		3583CEBA2234C3B200621F1F /* Color.swift in Sources */ = {isa = PBXBuildFile; fileRef = 3583CEB92234C3B200621F1F /* Color.swift */; };
		3583CEBD2234C56B00621F1F /* MapBottomView.swift in Sources */ = {isa = PBXBuildFile; fileRef = 3583CEBC2234C56B00621F1F /* MapBottomView.swift */; };
		3583CEC02234C99F00621F1F /* CommonUtils.swift in Sources */ = {isa = PBXBuildFile; fileRef = 3583CEBF2234C99F00621F1F /* CommonUtils.swift */; };
		3583CEC42234D57B00621F1F /* Font.swift in Sources */ = {isa = PBXBuildFile; fileRef = 3583CEC32234D57B00621F1F /* Font.swift */; };
		3583CEC72234EF1400621F1F /* MatchPopupViewController.swift in Sources */ = {isa = PBXBuildFile; fileRef = 3583CEC62234EF1400621F1F /* MatchPopupViewController.swift */; };
		3583CECA2234F26A00621F1F /* ChatViewController.swift in Sources */ = {isa = PBXBuildFile; fileRef = 3583CEC92234F26A00621F1F /* ChatViewController.swift */; };
		3583CECD2234F7CA00621F1F /* ChatMessage.swift in Sources */ = {isa = PBXBuildFile; fileRef = 3583CECC2234F7C900621F1F /* ChatMessage.swift */; };
		3583CED02234FBCA00621F1F /* ChatRepository.swift in Sources */ = {isa = PBXBuildFile; fileRef = 3583CECF2234FBCA00621F1F /* ChatRepository.swift */; };
		3583CED22234FCB400621F1F /* ChatMessageViewModel.swift in Sources */ = {isa = PBXBuildFile; fileRef = 3583CED12234FCB400621F1F /* ChatMessageViewModel.swift */; };
		3583CED42234FFA900621F1F /* ChatUseCase.swift in Sources */ = {isa = PBXBuildFile; fileRef = 3583CED32234FFA900621F1F /* ChatUseCase.swift */; };
		35A4081C223C89D5007BDF06 /* commonFuncs.swift in Sources */ = {isa = PBXBuildFile; fileRef = 35A4081B223C89D4007BDF06 /* commonFuncs.swift */; };
		35A4081E223CE055007BDF06 /* GoogleService-Info.plist in Resources */ = {isa = PBXBuildFile; fileRef = 35A4081D223CE054007BDF06 /* GoogleService-Info.plist */; };
		35A40821223CE9FD007BDF06 /* LoginViewController.swift in Sources */ = {isa = PBXBuildFile; fileRef = 35A40820223CE9FD007BDF06 /* LoginViewController.swift */; };
		35A40823223CFF0E007BDF06 /* FirebaseUseCase.swift in Sources */ = {isa = PBXBuildFile; fileRef = 35A40822223CFF0E007BDF06 /* FirebaseUseCase.swift */; };
		35A40829223D046A007BDF06 /* UserDataModel.swift in Sources */ = {isa = PBXBuildFile; fileRef = 35A40828223D046A007BDF06 /* UserDataModel.swift */; };
		35A4082B223D1AA7007BDF06 /* ChatFireStore.swift in Sources */ = {isa = PBXBuildFile; fileRef = 35A4082A223D1AA7007BDF06 /* ChatFireStore.swift */; };
		35A4082F223D6206007BDF06 /* MapFireStore.swift in Sources */ = {isa = PBXBuildFile; fileRef = 35A4082E223D6206007BDF06 /* MapFireStore.swift */; };
		35AD2F622234216000CD86EE /* AppDelegate.swift in Sources */ = {isa = PBXBuildFile; fileRef = 35AD2F612234216000CD86EE /* AppDelegate.swift */; };
		35AD2F642234216000CD86EE /* HomeViewController.swift in Sources */ = {isa = PBXBuildFile; fileRef = 35AD2F632234216000CD86EE /* HomeViewController.swift */; };
		35AD2F692234216300CD86EE /* Assets.xcassets in Resources */ = {isa = PBXBuildFile; fileRef = 35AD2F682234216300CD86EE /* Assets.xcassets */; };
		35AD2F6C2234216300CD86EE /* LaunchScreen.storyboard in Resources */ = {isa = PBXBuildFile; fileRef = 35AD2F6A2234216300CD86EE /* LaunchScreen.storyboard */; };
		35AD2F76223423B800CD86EE /* MapViewController.swift in Sources */ = {isa = PBXBuildFile; fileRef = 35AD2F75223423B700CD86EE /* MapViewController.swift */; };
		35AD2F782234243F00CD86EE /* MapView.swift in Sources */ = {isa = PBXBuildFile; fileRef = 35AD2F772234243F00CD86EE /* MapView.swift */; };
		35AD2F8022342D9400CD86EE /* LocationLog.swift in Sources */ = {isa = PBXBuildFile; fileRef = 35AD2F7F22342D9400CD86EE /* LocationLog.swift */; };
		35AD2F84223432B600CD86EE /* MapUseCase.swift in Sources */ = {isa = PBXBuildFile; fileRef = 35AD2F83223432B600CD86EE /* MapUseCase.swift */; };
		35AD2F87223433DB00CD86EE /* MapRepository.swift in Sources */ = {isa = PBXBuildFile; fileRef = 35AD2F86223433DB00CD86EE /* MapRepository.swift */; };
		35AD2F8E22343D9100CD86EE /* FloatingRectangleView.swift in Sources */ = {isa = PBXBuildFile; fileRef = 35AD2F8D22343D9100CD86EE /* FloatingRectangleView.swift */; };
		35BBB358223BE42D00C484AC /* SliderCellTableViewCell.swift in Sources */ = {isa = PBXBuildFile; fileRef = 35BBB356223BE42D00C484AC /* SliderCellTableViewCell.swift */; };
		35BBB359223BE42D00C484AC /* SliderCellTableViewCell.xib in Resources */ = {isa = PBXBuildFile; fileRef = 35BBB357223BE42D00C484AC /* SliderCellTableViewCell.xib */; };
		35BBB35D223C0B0B00C484AC /* UserDefaultsUseCase.swift in Sources */ = {isa = PBXBuildFile; fileRef = 35BBB35C223C0B0B00C484AC /* UserDefaultsUseCase.swift */; };
		35BBB35F223C1BC400C484AC /* setting2.png in Resources */ = {isa = PBXBuildFile; fileRef = 35BBB35E223C1BC400C484AC /* setting2.png */; };
		35CB411F2243605200D7F23C /* AnimationUtils.swift in Sources */ = {isa = PBXBuildFile; fileRef = 35CB411E2243605200D7F23C /* AnimationUtils.swift */; };
		35CB4122224374C900D7F23C /* PopupShowable.swift in Sources */ = {isa = PBXBuildFile; fileRef = 35CB4121224374C900D7F23C /* PopupShowable.swift */; };
		35CB41242243756000D7F23C /* PopupUtils.swift in Sources */ = {isa = PBXBuildFile; fileRef = 35CB41232243756000D7F23C /* PopupUtils.swift */; };
		35CB41262243777000D7F23C /* AlertView.swift in Sources */ = {isa = PBXBuildFile; fileRef = 35CB41252243776F00D7F23C /* AlertView.swift */; };
		35CB412822437B5200D7F23C /* MapStrings.strings in Resources */ = {isa = PBXBuildFile; fileRef = 35CB412722437B5200D7F23C /* MapStrings.strings */; };
		35CB412922437D4A00D7F23C /* Common.strings in Resources */ = {isa = PBXBuildFile; fileRef = 35CB412B22437D4A00D7F23C /* Common.strings */; };
		35D32F4122412C5E00A83141 /* MapBottomWhenMatchedView.swift in Sources */ = {isa = PBXBuildFile; fileRef = 35D32F4022412C5E00A83141 /* MapBottomWhenMatchedView.swift */; };
		35D5D08A2242C24D0035E099 /* chat_icon.jpg in Resources */ = {isa = PBXBuildFile; fileRef = 35D5D0892242C24D0035E099 /* chat_icon.jpg */; };
		35D5D08D2242D62B0035E099 /* RatingView.swift in Sources */ = {isa = PBXBuildFile; fileRef = 35D5D08C2242D62B0035E099 /* RatingView.swift */; };
		35D5D08F2242D8370035E099 /* MinimumProfileView.swift in Sources */ = {isa = PBXBuildFile; fileRef = 35D5D08E2242D8370035E099 /* MinimumProfileView.swift */; };
		35D5D0912242D8760035E099 /* MinimumProfileView.xib in Resources */ = {isa = PBXBuildFile; fileRef = 35D5D0902242D8760035E099 /* MinimumProfileView.xib */; };
		35D5D0932242DDFD0035E099 /* NibHelper + extension.swift in Sources */ = {isa = PBXBuildFile; fileRef = 35D5D0922242DDFD0035E099 /* NibHelper + extension.swift */; };
		35D6AA3222410BE0002DCD9F /* MatchUseCase.swift in Sources */ = {isa = PBXBuildFile; fileRef = 35D6AA3122410BE0002DCD9F /* MatchUseCase.swift */; };
		35D6AA3522410C08002DCD9F /* MatchRepository.swift in Sources */ = {isa = PBXBuildFile; fileRef = 35D6AA3422410C08002DCD9F /* MatchRepository.swift */; };
		35D6AA3722411415002DCD9F /* RequestMatch.swift in Sources */ = {isa = PBXBuildFile; fileRef = 35D6AA3622411415002DCD9F /* RequestMatch.swift */; };
		927B79E822369FF3001F8A36 /* image00.jpg in Resources */ = {isa = PBXBuildFile; fileRef = 927B79D322369FF2001F8A36 /* image00.jpg */; };
		927B79E922369FF3001F8A36 /* image01.jpg in Resources */ = {isa = PBXBuildFile; fileRef = 927B79D422369FF2001F8A36 /* image01.jpg */; };
		927B79EA22369FF3001F8A36 /* image03.jpg in Resources */ = {isa = PBXBuildFile; fileRef = 927B79D522369FF2001F8A36 /* image03.jpg */; };
		927B79EB22369FF3001F8A36 /* image02.jpg in Resources */ = {isa = PBXBuildFile; fileRef = 927B79D622369FF2001F8A36 /* image02.jpg */; };
		927B79EC22369FF3001F8A36 /* image06.jpg in Resources */ = {isa = PBXBuildFile; fileRef = 927B79D722369FF2001F8A36 /* image06.jpg */; };
		927B79ED22369FF3001F8A36 /* image07.jpg in Resources */ = {isa = PBXBuildFile; fileRef = 927B79D822369FF2001F8A36 /* image07.jpg */; };
		927B79EE22369FF3001F8A36 /* image05.jpg in Resources */ = {isa = PBXBuildFile; fileRef = 927B79D922369FF2001F8A36 /* image05.jpg */; };
		927B79EF22369FF3001F8A36 /* image04.jpg in Resources */ = {isa = PBXBuildFile; fileRef = 927B79DA22369FF2001F8A36 /* image04.jpg */; };
		927B79F022369FF3001F8A36 /* image09.jpg in Resources */ = {isa = PBXBuildFile; fileRef = 927B79DB22369FF2001F8A36 /* image09.jpg */; };
		927B79F122369FF3001F8A36 /* image08.jpg in Resources */ = {isa = PBXBuildFile; fileRef = 927B79DC22369FF2001F8A36 /* image08.jpg */; };
		927B79F322369FF3001F8A36 /* Colors.swift in Sources */ = {isa = PBXBuildFile; fileRef = 927B79DE22369FF2001F8A36 /* Colors.swift */; };
		927B79F422369FF3001F8A36 /* MyProfileViewController.swift in Sources */ = {isa = PBXBuildFile; fileRef = 927B79DF22369FF2001F8A36 /* MyProfileViewController.swift */; };
		927B79F522369FF3001F8A36 /* Data.swift in Sources */ = {isa = PBXBuildFile; fileRef = 927B79E122369FF2001F8A36 /* Data.swift */; };
		927B79F622369FF3001F8A36 /* DataSourceCountsProvider.swift in Sources */ = {isa = PBXBuildFile; fileRef = 927B79E222369FF2001F8A36 /* DataSourceCountsProvider.swift */; };
		927B79F722369FF3001F8A36 /* DataSource.swift in Sources */ = {isa = PBXBuildFile; fileRef = 927B79E322369FF2001F8A36 /* DataSource.swift */; };
		927B79F822369FF3001F8A36 /* Cell.swift in Sources */ = {isa = PBXBuildFile; fileRef = 927B79E522369FF2001F8A36 /* Cell.swift */; };
		927B79F922369FF3001F8A36 /* ItemCreationPanelView.swift in Sources */ = {isa = PBXBuildFile; fileRef = 927B79E622369FF2001F8A36 /* ItemCreationPanelView.swift */; };
		927B79FA22369FF3001F8A36 /* Header.swift in Sources */ = {isa = PBXBuildFile; fileRef = 927B79E722369FF2001F8A36 /* Header.swift */; };
		927B79FE2236A4CE001F8A36 /* ProfileEditViewController.swift in Sources */ = {isa = PBXBuildFile; fileRef = 927B79FD2236A4CE001F8A36 /* ProfileEditViewController.swift */; };
		D8B68BB0223A0D9200501D7E /* frame.png in Resources */ = {isa = PBXBuildFile; fileRef = D8B68BAF223A0D9100501D7E /* frame.png */; };
		D8B68BB2223B570300501D7E /* addimg.png in Resources */ = {isa = PBXBuildFile; fileRef = D8B68BB1223B570300501D7E /* addimg.png */; };
		D8B68BB4223CE35B00501D7E /* delete.png in Resources */ = {isa = PBXBuildFile; fileRef = D8B68BB3223CE35B00501D7E /* delete.png */; };
		D8B68BB6223D284A00501D7E /* back.png in Resources */ = {isa = PBXBuildFile; fileRef = D8B68BB5223D284A00501D7E /* back.png */; };
		D8FAA06B224B27AB00F0BA8A /* firebaceProc.swift in Sources */ = {isa = PBXBuildFile; fileRef = D8FAA06A224B27AB00F0BA8A /* firebaceProc.swift */; };
/* End PBXBuildFile section */

/* Begin PBXFileReference section */
		2F655C20A44D80BE930D676E /* Pods-MapDemoApp.release.xcconfig */ = {isa = PBXFileReference; includeInIndex = 1; lastKnownFileType = text.xcconfig; name = "Pods-MapDemoApp.release.xcconfig"; path = "Pods/Target Support Files/Pods-MapDemoApp/Pods-MapDemoApp.release.xcconfig"; sourceTree = "<group>"; };
		35068EF0224257BC00DDC7D5 /* en */ = {isa = PBXFileReference; lastKnownFileType = text.plist.strings; name = en; path = en.lproj/ChatStrings.strings; sourceTree = "<group>"; };
		35068EF222429F1D00DDC7D5 /* ChatContainerViewController.swift */ = {isa = PBXFileReference; lastKnownFileType = sourcecode.swift; path = ChatContainerViewController.swift; sourceTree = "<group>"; };
		353BEE6C2237E5E600F956D9 /* MapKit extension.swift */ = {isa = PBXFileReference; lastKnownFileType = sourcecode.swift; path = "MapKit extension.swift"; sourceTree = "<group>"; };
		353D908A22367329004BB44C /* MapState.swift */ = {isa = PBXFileReference; lastKnownFileType = sourcecode.swift; path = MapState.swift; sourceTree = "<group>"; };
		353D908E22367453004BB44C /* MapModel.swift */ = {isa = PBXFileReference; lastKnownFileType = sourcecode.swift; path = MapModel.swift; sourceTree = "<group>"; };
		353D909322368773004BB44C /* MapUtils.swift */ = {isa = PBXFileReference; lastKnownFileType = sourcecode.swift; path = MapUtils.swift; sourceTree = "<group>"; };
		353D909522369613004BB44C /* UIView extension.swift */ = {isa = PBXFileReference; lastKnownFileType = sourcecode.swift; path = "UIView extension.swift"; sourceTree = "<group>"; };
		35401885223A22610002BCF2 /* DiscoverySettingViewController.swift */ = {isa = PBXFileReference; lastKnownFileType = sourcecode.swift; path = DiscoverySettingViewController.swift; sourceTree = "<group>"; };
		35401887223A3E3F0002BCF2 /* CustomAnnotationView.swift */ = {isa = PBXFileReference; lastKnownFileType = sourcecode.swift; path = CustomAnnotationView.swift; sourceTree = "<group>"; };
		3540188A223A45000002BCF2 /* default_profile_image.png */ = {isa = PBXFileReference; lastKnownFileType = image.png; path = default_profile_image.png; sourceTree = "<group>"; };
		3540188C223A46110002BCF2 /* UIImage extension.swift */ = {isa = PBXFileReference; lastKnownFileType = sourcecode.swift; path = "UIImage extension.swift"; sourceTree = "<group>"; };
		35401890223AA4DA0002BCF2 /* APIClient.swift */ = {isa = PBXFileReference; lastKnownFileType = sourcecode.swift; path = APIClient.swift; sourceTree = "<group>"; };
		35401892223AA50A0002BCF2 /* RequestProtocol.swift */ = {isa = PBXFileReference; lastKnownFileType = sourcecode.swift; path = RequestProtocol.swift; sourceTree = "<group>"; };
		35401894223AA84A0002BCF2 /* GetNearPeopleNumber.swift */ = {isa = PBXFileReference; lastKnownFileType = sourcecode.swift; path = GetNearPeopleNumber.swift; sourceTree = "<group>"; };
		355D7189224CCB8C00C3CAC1 /* RateUserViewController.swift */ = {isa = PBXFileReference; lastKnownFileType = sourcecode.swift; path = RateUserViewController.swift; sourceTree = "<group>"; };
		356A4AA7224717B80080DD9A /* CustomPresentationController.swift */ = {isa = PBXFileReference; lastKnownFileType = sourcecode.swift; path = CustomPresentationController.swift; sourceTree = "<group>"; };
		356A4AA9224727E80080DD9A /* VerticalProfileView.swift */ = {isa = PBXFileReference; lastKnownFileType = sourcecode.swift; path = VerticalProfileView.swift; sourceTree = "<group>"; };
		356A4AAB224727FD0080DD9A /* VerticalProfileView.xib */ = {isa = PBXFileReference; lastKnownFileType = file.xib; path = VerticalProfileView.xib; sourceTree = "<group>"; };
		356D38E1224535D60024F97E /* CustomMKCircle.swift */ = {isa = PBXFileReference; lastKnownFileType = sourcecode.swift; path = CustomMKCircle.swift; sourceTree = "<group>"; };
		356D38E32246812B0024F97E /* MapSearchBarView.swift */ = {isa = PBXFileReference; lastKnownFileType = sourcecode.swift; path = MapSearchBarView.swift; sourceTree = "<group>"; };
		3583CEB62234C1D700621F1F /* RoundFloatingButton.swift */ = {isa = PBXFileReference; lastKnownFileType = sourcecode.swift; path = RoundFloatingButton.swift; sourceTree = "<group>"; };
		3583CEB92234C3B200621F1F /* Color.swift */ = {isa = PBXFileReference; lastKnownFileType = sourcecode.swift; path = Color.swift; sourceTree = "<group>"; };
		3583CEBC2234C56B00621F1F /* MapBottomView.swift */ = {isa = PBXFileReference; lastKnownFileType = sourcecode.swift; path = MapBottomView.swift; sourceTree = "<group>"; };
		3583CEBF2234C99F00621F1F /* CommonUtils.swift */ = {isa = PBXFileReference; lastKnownFileType = sourcecode.swift; path = CommonUtils.swift; sourceTree = "<group>"; };
		3583CEC32234D57B00621F1F /* Font.swift */ = {isa = PBXFileReference; lastKnownFileType = sourcecode.swift; path = Font.swift; sourceTree = "<group>"; };
		3583CEC62234EF1400621F1F /* MatchPopupViewController.swift */ = {isa = PBXFileReference; lastKnownFileType = sourcecode.swift; path = MatchPopupViewController.swift; sourceTree = "<group>"; };
		3583CEC92234F26A00621F1F /* ChatViewController.swift */ = {isa = PBXFileReference; lastKnownFileType = sourcecode.swift; path = ChatViewController.swift; sourceTree = "<group>"; };
		3583CECC2234F7C900621F1F /* ChatMessage.swift */ = {isa = PBXFileReference; lastKnownFileType = sourcecode.swift; path = ChatMessage.swift; sourceTree = "<group>"; };
		3583CECF2234FBCA00621F1F /* ChatRepository.swift */ = {isa = PBXFileReference; lastKnownFileType = sourcecode.swift; path = ChatRepository.swift; sourceTree = "<group>"; };
		3583CED12234FCB400621F1F /* ChatMessageViewModel.swift */ = {isa = PBXFileReference; lastKnownFileType = sourcecode.swift; path = ChatMessageViewModel.swift; sourceTree = "<group>"; };
		3583CED32234FFA900621F1F /* ChatUseCase.swift */ = {isa = PBXFileReference; lastKnownFileType = sourcecode.swift; path = ChatUseCase.swift; sourceTree = "<group>"; };
		35A4081B223C89D4007BDF06 /* commonFuncs.swift */ = {isa = PBXFileReference; fileEncoding = 4; lastKnownFileType = sourcecode.swift; path = commonFuncs.swift; sourceTree = "<group>"; };
		35A4081D223CE054007BDF06 /* GoogleService-Info.plist */ = {isa = PBXFileReference; fileEncoding = 4; lastKnownFileType = text.plist.xml; path = "GoogleService-Info.plist"; sourceTree = "<group>"; };
		35A40820223CE9FD007BDF06 /* LoginViewController.swift */ = {isa = PBXFileReference; lastKnownFileType = sourcecode.swift; path = LoginViewController.swift; sourceTree = "<group>"; };
		35A40822223CFF0E007BDF06 /* FirebaseUseCase.swift */ = {isa = PBXFileReference; lastKnownFileType = sourcecode.swift; path = FirebaseUseCase.swift; sourceTree = "<group>"; };
		35A40828223D046A007BDF06 /* UserDataModel.swift */ = {isa = PBXFileReference; lastKnownFileType = sourcecode.swift; path = UserDataModel.swift; sourceTree = "<group>"; };
		35A4082A223D1AA7007BDF06 /* ChatFireStore.swift */ = {isa = PBXFileReference; lastKnownFileType = sourcecode.swift; path = ChatFireStore.swift; sourceTree = "<group>"; };
		35A4082E223D6206007BDF06 /* MapFireStore.swift */ = {isa = PBXFileReference; lastKnownFileType = sourcecode.swift; path = MapFireStore.swift; sourceTree = "<group>"; };
		35AD2F5E2234216000CD86EE /* MapDemoApp.app */ = {isa = PBXFileReference; explicitFileType = wrapper.application; includeInIndex = 0; path = MapDemoApp.app; sourceTree = BUILT_PRODUCTS_DIR; };
		35AD2F612234216000CD86EE /* AppDelegate.swift */ = {isa = PBXFileReference; lastKnownFileType = sourcecode.swift; path = AppDelegate.swift; sourceTree = "<group>"; };
		35AD2F632234216000CD86EE /* HomeViewController.swift */ = {isa = PBXFileReference; lastKnownFileType = sourcecode.swift; path = HomeViewController.swift; sourceTree = "<group>"; };
		35AD2F682234216300CD86EE /* Assets.xcassets */ = {isa = PBXFileReference; lastKnownFileType = folder.assetcatalog; path = Assets.xcassets; sourceTree = "<group>"; };
		35AD2F6B2234216300CD86EE /* Base */ = {isa = PBXFileReference; lastKnownFileType = file.storyboard; name = Base; path = Base.lproj/LaunchScreen.storyboard; sourceTree = "<group>"; };
		35AD2F6D2234216300CD86EE /* Info.plist */ = {isa = PBXFileReference; lastKnownFileType = text.plist.xml; path = Info.plist; sourceTree = "<group>"; };
		35AD2F75223423B700CD86EE /* MapViewController.swift */ = {isa = PBXFileReference; lastKnownFileType = sourcecode.swift; path = MapViewController.swift; sourceTree = "<group>"; };
		35AD2F772234243F00CD86EE /* MapView.swift */ = {isa = PBXFileReference; lastKnownFileType = sourcecode.swift; path = MapView.swift; sourceTree = "<group>"; };
		35AD2F7F22342D9400CD86EE /* LocationLog.swift */ = {isa = PBXFileReference; lastKnownFileType = sourcecode.swift; path = LocationLog.swift; sourceTree = "<group>"; };
		35AD2F83223432B600CD86EE /* MapUseCase.swift */ = {isa = PBXFileReference; lastKnownFileType = sourcecode.swift; path = MapUseCase.swift; sourceTree = "<group>"; };
		35AD2F86223433DB00CD86EE /* MapRepository.swift */ = {isa = PBXFileReference; lastKnownFileType = sourcecode.swift; path = MapRepository.swift; sourceTree = "<group>"; };
		35AD2F8D22343D9100CD86EE /* FloatingRectangleView.swift */ = {isa = PBXFileReference; lastKnownFileType = sourcecode.swift; path = FloatingRectangleView.swift; sourceTree = "<group>"; };
		35BBB356223BE42D00C484AC /* SliderCellTableViewCell.swift */ = {isa = PBXFileReference; lastKnownFileType = sourcecode.swift; path = SliderCellTableViewCell.swift; sourceTree = "<group>"; };
		35BBB357223BE42D00C484AC /* SliderCellTableViewCell.xib */ = {isa = PBXFileReference; lastKnownFileType = file.xib; path = SliderCellTableViewCell.xib; sourceTree = "<group>"; };
		35BBB35C223C0B0B00C484AC /* UserDefaultsUseCase.swift */ = {isa = PBXFileReference; lastKnownFileType = sourcecode.swift; path = UserDefaultsUseCase.swift; sourceTree = "<group>"; };
		35BBB35E223C1BC400C484AC /* setting2.png */ = {isa = PBXFileReference; lastKnownFileType = image.png; path = setting2.png; sourceTree = "<group>"; };
		35CB411E2243605200D7F23C /* AnimationUtils.swift */ = {isa = PBXFileReference; lastKnownFileType = sourcecode.swift; path = AnimationUtils.swift; sourceTree = "<group>"; };
		35CB4121224374C900D7F23C /* PopupShowable.swift */ = {isa = PBXFileReference; lastKnownFileType = sourcecode.swift; path = PopupShowable.swift; sourceTree = "<group>"; };
		35CB41232243756000D7F23C /* PopupUtils.swift */ = {isa = PBXFileReference; lastKnownFileType = sourcecode.swift; path = PopupUtils.swift; sourceTree = "<group>"; };
		35CB41252243776F00D7F23C /* AlertView.swift */ = {isa = PBXFileReference; lastKnownFileType = sourcecode.swift; path = AlertView.swift; sourceTree = "<group>"; };
		35CB412722437B5200D7F23C /* MapStrings.strings */ = {isa = PBXFileReference; lastKnownFileType = text.plist.strings; path = MapStrings.strings; sourceTree = "<group>"; };
		35CB412A22437D4A00D7F23C /* en */ = {isa = PBXFileReference; lastKnownFileType = text.plist.strings; name = en; path = en.lproj/Common.strings; sourceTree = "<group>"; };
		35D32F4022412C5E00A83141 /* MapBottomWhenMatchedView.swift */ = {isa = PBXFileReference; lastKnownFileType = sourcecode.swift; path = MapBottomWhenMatchedView.swift; sourceTree = "<group>"; };
		35D5D0892242C24D0035E099 /* chat_icon.jpg */ = {isa = PBXFileReference; lastKnownFileType = image.jpeg; path = chat_icon.jpg; sourceTree = "<group>"; };
		35D5D08C2242D62B0035E099 /* RatingView.swift */ = {isa = PBXFileReference; lastKnownFileType = sourcecode.swift; path = RatingView.swift; sourceTree = "<group>"; };
		35D5D08E2242D8370035E099 /* MinimumProfileView.swift */ = {isa = PBXFileReference; lastKnownFileType = sourcecode.swift; path = MinimumProfileView.swift; sourceTree = "<group>"; };
		35D5D0902242D8760035E099 /* MinimumProfileView.xib */ = {isa = PBXFileReference; lastKnownFileType = file.xib; path = MinimumProfileView.xib; sourceTree = "<group>"; };
		35D5D0922242DDFD0035E099 /* NibHelper + extension.swift */ = {isa = PBXFileReference; lastKnownFileType = sourcecode.swift; path = "NibHelper + extension.swift"; sourceTree = "<group>"; };
		35D6AA3122410BE0002DCD9F /* MatchUseCase.swift */ = {isa = PBXFileReference; lastKnownFileType = sourcecode.swift; path = MatchUseCase.swift; sourceTree = "<group>"; };
		35D6AA3422410C08002DCD9F /* MatchRepository.swift */ = {isa = PBXFileReference; lastKnownFileType = sourcecode.swift; path = MatchRepository.swift; sourceTree = "<group>"; };
		35D6AA3622411415002DCD9F /* RequestMatch.swift */ = {isa = PBXFileReference; lastKnownFileType = sourcecode.swift; path = RequestMatch.swift; sourceTree = "<group>"; };
		6DD4333B2CEFCA2ADBB60635 /* Pods_MapDemoApp.framework */ = {isa = PBXFileReference; explicitFileType = wrapper.framework; includeInIndex = 0; path = Pods_MapDemoApp.framework; sourceTree = BUILT_PRODUCTS_DIR; };
		927B79D322369FF2001F8A36 /* image00.jpg */ = {isa = PBXFileReference; lastKnownFileType = image.jpeg; path = image00.jpg; sourceTree = "<group>"; };
		927B79D422369FF2001F8A36 /* image01.jpg */ = {isa = PBXFileReference; lastKnownFileType = image.jpeg; path = image01.jpg; sourceTree = "<group>"; };
		927B79D522369FF2001F8A36 /* image03.jpg */ = {isa = PBXFileReference; lastKnownFileType = image.jpeg; path = image03.jpg; sourceTree = "<group>"; };
		927B79D622369FF2001F8A36 /* image02.jpg */ = {isa = PBXFileReference; lastKnownFileType = image.jpeg; path = image02.jpg; sourceTree = "<group>"; };
		927B79D722369FF2001F8A36 /* image06.jpg */ = {isa = PBXFileReference; lastKnownFileType = image.jpeg; path = image06.jpg; sourceTree = "<group>"; };
		927B79D822369FF2001F8A36 /* image07.jpg */ = {isa = PBXFileReference; lastKnownFileType = image.jpeg; path = image07.jpg; sourceTree = "<group>"; };
		927B79D922369FF2001F8A36 /* image05.jpg */ = {isa = PBXFileReference; lastKnownFileType = image.jpeg; path = image05.jpg; sourceTree = "<group>"; };
		927B79DA22369FF2001F8A36 /* image04.jpg */ = {isa = PBXFileReference; lastKnownFileType = image.jpeg; path = image04.jpg; sourceTree = "<group>"; };
		927B79DB22369FF2001F8A36 /* image09.jpg */ = {isa = PBXFileReference; lastKnownFileType = image.jpeg; path = image09.jpg; sourceTree = "<group>"; };
		927B79DC22369FF2001F8A36 /* image08.jpg */ = {isa = PBXFileReference; lastKnownFileType = image.jpeg; path = image08.jpg; sourceTree = "<group>"; };
		927B79DE22369FF2001F8A36 /* Colors.swift */ = {isa = PBXFileReference; fileEncoding = 4; lastKnownFileType = sourcecode.swift; path = Colors.swift; sourceTree = "<group>"; };
		927B79DF22369FF2001F8A36 /* MyProfileViewController.swift */ = {isa = PBXFileReference; fileEncoding = 4; lastKnownFileType = sourcecode.swift; path = MyProfileViewController.swift; sourceTree = "<group>"; };
		927B79E122369FF2001F8A36 /* Data.swift */ = {isa = PBXFileReference; fileEncoding = 4; lastKnownFileType = sourcecode.swift; path = Data.swift; sourceTree = "<group>"; };
		927B79E222369FF2001F8A36 /* DataSourceCountsProvider.swift */ = {isa = PBXFileReference; fileEncoding = 4; lastKnownFileType = sourcecode.swift; path = DataSourceCountsProvider.swift; sourceTree = "<group>"; };
		927B79E322369FF2001F8A36 /* DataSource.swift */ = {isa = PBXFileReference; fileEncoding = 4; lastKnownFileType = sourcecode.swift; path = DataSource.swift; sourceTree = "<group>"; };
		927B79E522369FF2001F8A36 /* Cell.swift */ = {isa = PBXFileReference; fileEncoding = 4; lastKnownFileType = sourcecode.swift; path = Cell.swift; sourceTree = "<group>"; };
		927B79E622369FF2001F8A36 /* ItemCreationPanelView.swift */ = {isa = PBXFileReference; fileEncoding = 4; lastKnownFileType = sourcecode.swift; path = ItemCreationPanelView.swift; sourceTree = "<group>"; };
		927B79E722369FF2001F8A36 /* Header.swift */ = {isa = PBXFileReference; fileEncoding = 4; lastKnownFileType = sourcecode.swift; path = Header.swift; sourceTree = "<group>"; };
		927B79FD2236A4CE001F8A36 /* ProfileEditViewController.swift */ = {isa = PBXFileReference; lastKnownFileType = sourcecode.swift; name = ProfileEditViewController.swift; path = MapDemoApp/VC/MyProfile/ProfileEditViewController.swift; sourceTree = SOURCE_ROOT; };
		D8B68BAF223A0D9100501D7E /* frame.png */ = {isa = PBXFileReference; lastKnownFileType = image.png; path = frame.png; sourceTree = "<group>"; };
		D8B68BB1223B570300501D7E /* addimg.png */ = {isa = PBXFileReference; lastKnownFileType = image.png; path = addimg.png; sourceTree = "<group>"; };
		D8B68BB3223CE35B00501D7E /* delete.png */ = {isa = PBXFileReference; lastKnownFileType = image.png; path = delete.png; sourceTree = "<group>"; };
		D8B68BB5223D284A00501D7E /* back.png */ = {isa = PBXFileReference; lastKnownFileType = image.png; path = back.png; sourceTree = "<group>"; };
		D8FAA06A224B27AB00F0BA8A /* firebaceProc.swift */ = {isa = PBXFileReference; lastKnownFileType = sourcecode.swift; path = firebaceProc.swift; sourceTree = "<group>"; };
		EEB1E5F862D85A6C22AAC394 /* Pods-MapDemoApp.debug.xcconfig */ = {isa = PBXFileReference; includeInIndex = 1; lastKnownFileType = text.xcconfig; name = "Pods-MapDemoApp.debug.xcconfig"; path = "Pods/Target Support Files/Pods-MapDemoApp/Pods-MapDemoApp.debug.xcconfig"; sourceTree = "<group>"; };
/* End PBXFileReference section */

/* Begin PBXFrameworksBuildPhase section */
		35AD2F5B2234216000CD86EE /* Frameworks */ = {
			isa = PBXFrameworksBuildPhase;
			buildActionMask = 2147483647;
			files = (
				177D807410357E319ADA1568 /* Pods_MapDemoApp.framework in Frameworks */,
			);
			runOnlyForDeploymentPostprocessing = 0;
		};
/* End PBXFrameworksBuildPhase section */

/* Begin PBXGroup section */
		353D908C22367430004BB44C /* Model */ = {
			isa = PBXGroup;
			children = (
				353D908D2236743E004BB44C /* Map */,
			);
			path = Model;
			sourceTree = "<group>";
		};
		353D908D2236743E004BB44C /* Map */ = {
			isa = PBXGroup;
			children = (
				353D908E22367453004BB44C /* MapModel.swift */,
			);
			path = Map;
			sourceTree = "<group>";
		};
		35401884223A224A0002BCF2 /* Setting */ = {
			isa = PBXGroup;
			children = (
				35401885223A22610002BCF2 /* DiscoverySettingViewController.swift */,
				35BBB356223BE42D00C484AC /* SliderCellTableViewCell.swift */,
				35BBB357223BE42D00C484AC /* SliderCellTableViewCell.xib */,
			);
			path = Setting;
			sourceTree = "<group>";
		};
		35401889223A44B40002BCF2 /* Resource */ = {
			isa = PBXGroup;
			children = (
				3540188A223A45000002BCF2 /* default_profile_image.png */,
				35D5D0892242C24D0035E099 /* chat_icon.jpg */,
				35BBB35E223C1BC400C484AC /* setting2.png */,
			);
			path = Resource;
			sourceTree = "<group>";
		};
		356A4AA62247174A0080DD9A /* Popup */ = {
			isa = PBXGroup;
			children = (
				356A4AA7224717B80080DD9A /* CustomPresentationController.swift */,
				3583CEC62234EF1400621F1F /* MatchPopupViewController.swift */,
				355D7189224CCB8C00C3CAC1 /* RateUserViewController.swift */,
			);
			path = Popup;
			sourceTree = "<group>";
		};
		3583CEB82234C39700621F1F /* Utils */ = {
			isa = PBXGroup;
			children = (
				3583CEB92234C3B200621F1F /* Color.swift */,
				3583CEBF2234C99F00621F1F /* CommonUtils.swift */,
				3583CEC32234D57B00621F1F /* Font.swift */,
				353D909322368773004BB44C /* MapUtils.swift */,
				353D909522369613004BB44C /* UIView extension.swift */,
				353BEE6C2237E5E600F956D9 /* MapKit extension.swift */,
				3540188C223A46110002BCF2 /* UIImage extension.swift */,
				35D5D0922242DDFD0035E099 /* NibHelper + extension.swift */,
				35CB411E2243605200D7F23C /* AnimationUtils.swift */,
				35CB41232243756000D7F23C /* PopupUtils.swift */,
			);
			path = Utils;
			sourceTree = "<group>";
		};
		3583CEC82234F25600621F1F /* Chat */ = {
			isa = PBXGroup;
			children = (
				3583CEC92234F26A00621F1F /* ChatViewController.swift */,
				35068EF222429F1D00DDC7D5 /* ChatContainerViewController.swift */,
			);
			path = Chat;
			sourceTree = "<group>";
		};
		3583CECB2234F7BC00621F1F /* Chat */ = {
			isa = PBXGroup;
			children = (
				3583CECC2234F7C900621F1F /* ChatMessage.swift */,
				3583CED12234FCB400621F1F /* ChatMessageViewModel.swift */,
			);
			path = Chat;
			sourceTree = "<group>";
		};
		3583CECE2234F8F100621F1F /* chat */ = {
			isa = PBXGroup;
			children = (
				3583CECF2234FBCA00621F1F /* ChatRepository.swift */,
				35A4082A223D1AA7007BDF06 /* ChatFireStore.swift */,
			);
			path = chat;
			sourceTree = "<group>";
		};
		35A4081F223CE9DF007BDF06 /* Login */ = {
			isa = PBXGroup;
			children = (
				35A40820223CE9FD007BDF06 /* LoginViewController.swift */,
			);
			path = Login;
			sourceTree = "<group>";
		};
		35A40827223D0456007BDF06 /* User */ = {
			isa = PBXGroup;
			children = (
				35A40828223D046A007BDF06 /* UserDataModel.swift */,
			);
			path = User;
			sourceTree = "<group>";
		};
		35AD2F552234216000CD86EE = {
			isa = PBXGroup;
			children = (
				35CB412722437B5200D7F23C /* MapStrings.strings */,
				35068EF1224257BC00DDC7D5 /* ChatStrings.strings */,
				35CB412B22437D4A00D7F23C /* Common.strings */,
				35AD2F602234216000CD86EE /* MapDemoApp */,
				35AD2F5F2234216000CD86EE /* Products */,
				E496487D896D7B5AF6C5E99C /* Pods */,
				3CABDFAAB0795BC6ED04C80E /* Frameworks */,
			);
			sourceTree = "<group>";
		};
		35AD2F5F2234216000CD86EE /* Products */ = {
			isa = PBXGroup;
			children = (
				35AD2F5E2234216000CD86EE /* MapDemoApp.app */,
			);
			name = Products;
			sourceTree = "<group>";
		};
		35AD2F602234216000CD86EE /* MapDemoApp */ = {
			isa = PBXGroup;
			children = (
				35401889223A44B40002BCF2 /* Resource */,
				35AD2F612234216000CD86EE /* AppDelegate.swift */,
				35AD2F6D2234216300CD86EE /* Info.plist */,
				35A4081D223CE054007BDF06 /* GoogleService-Info.plist */,
				35AD2F682234216300CD86EE /* Assets.xcassets */,
				35AD2F812234317200CD86EE /* other */,
				35AD2F7B2234290500CD86EE /* UseCasePresenter */,
				35AD2F7A223428EC00CD86EE /* API */,
				35AD2F79223428DE00CD86EE /* DataModel */,
				D8B68BAC22389A3700501D7E /* UtilsTM */,
				3583CEB82234C39700621F1F /* Utils */,
				35AD2F8C22343D5D00CD86EE /* CommonView */,
				353D908C22367430004BB44C /* Model */,
				35AD2F73223422C300CD86EE /* VC */,
			);
			path = MapDemoApp;
			sourceTree = "<group>";
		};
		35AD2F73223422C300CD86EE /* VC */ = {
			isa = PBXGroup;
			children = (
				356A4AA62247174A0080DD9A /* Popup */,
				35A4081F223CE9DF007BDF06 /* Login */,
				35401884223A224A0002BCF2 /* Setting */,
				927B79D122369FF2001F8A36 /* MyProfile */,
				3583CEC82234F25600621F1F /* Chat */,
				35AD2F7D22342D1900CD86EE /* Home */,
				35AD2F742234238A00CD86EE /* Map */,
			);
			path = VC;
			sourceTree = "<group>";
		};
		35AD2F742234238A00CD86EE /* Map */ = {
			isa = PBXGroup;
			children = (
				35AD2F75223423B700CD86EE /* MapViewController.swift */,
				35AD2F772234243F00CD86EE /* MapView.swift */,
				3583CEBC2234C56B00621F1F /* MapBottomView.swift */,
				35401887223A3E3F0002BCF2 /* CustomAnnotationView.swift */,
				356D38E1224535D60024F97E /* CustomMKCircle.swift */,
				35D32F4022412C5E00A83141 /* MapBottomWhenMatchedView.swift */,
				356D38E32246812B0024F97E /* MapSearchBarView.swift */,
			);
			path = Map;
			sourceTree = "<group>";
		};
		35AD2F79223428DE00CD86EE /* DataModel */ = {
			isa = PBXGroup;
			children = (
				35A40827223D0456007BDF06 /* User */,
				3583CECB2234F7BC00621F1F /* Chat */,
				35AD2F7E22342D7800CD86EE /* Map */,
			);
			path = DataModel;
			sourceTree = "<group>";
		};
		35AD2F7A223428EC00CD86EE /* API */ = {
			isa = PBXGroup;
			children = (
				D8FAA069224B270D00F0BA8A /* profile */,
				35D6AA3322410BF1002DCD9F /* match */,
				3583CECE2234F8F100621F1F /* chat */,
				35AD2F85223433CF00CD86EE /* map */,
				35401890223AA4DA0002BCF2 /* APIClient.swift */,
				35401892223AA50A0002BCF2 /* RequestProtocol.swift */,
			);
			path = API;
			sourceTree = "<group>";
		};
		35AD2F7B2234290500CD86EE /* UseCasePresenter */ = {
			isa = PBXGroup;
			children = (
				35AD2F83223432B600CD86EE /* MapUseCase.swift */,
				3583CED32234FFA900621F1F /* ChatUseCase.swift */,
				35BBB35C223C0B0B00C484AC /* UserDefaultsUseCase.swift */,
				35A40822223CFF0E007BDF06 /* FirebaseUseCase.swift */,
				35D6AA3122410BE0002DCD9F /* MatchUseCase.swift */,
			);
			path = UseCasePresenter;
			sourceTree = "<group>";
		};
		35AD2F7D22342D1900CD86EE /* Home */ = {
			isa = PBXGroup;
			children = (
				35AD2F632234216000CD86EE /* HomeViewController.swift */,
			);
			path = Home;
			sourceTree = "<group>";
		};
		35AD2F7E22342D7800CD86EE /* Map */ = {
			isa = PBXGroup;
			children = (
				35AD2F7F22342D9400CD86EE /* LocationLog.swift */,
				353D908A22367329004BB44C /* MapState.swift */,
			);
			path = Map;
			sourceTree = "<group>";
		};
		35AD2F812234317200CD86EE /* other */ = {
			isa = PBXGroup;
			children = (
				35AD2F6A2234216300CD86EE /* LaunchScreen.storyboard */,
			);
			path = other;
			sourceTree = "<group>";
		};
		35AD2F85223433CF00CD86EE /* map */ = {
			isa = PBXGroup;
			children = (
				35AD2F86223433DB00CD86EE /* MapRepository.swift */,
				35401894223AA84A0002BCF2 /* GetNearPeopleNumber.swift */,
				35A4082E223D6206007BDF06 /* MapFireStore.swift */,
			);
			path = map;
			sourceTree = "<group>";
		};
		35AD2F8C22343D5D00CD86EE /* CommonView */ = {
			isa = PBXGroup;
			children = (
				35AD2F8D22343D9100CD86EE /* FloatingRectangleView.swift */,
				3583CEB62234C1D700621F1F /* RoundFloatingButton.swift */,
				35D5D08C2242D62B0035E099 /* RatingView.swift */,
				35D5D08E2242D8370035E099 /* MinimumProfileView.swift */,
				35D5D0902242D8760035E099 /* MinimumProfileView.xib */,
				35CB4121224374C900D7F23C /* PopupShowable.swift */,
				35CB41252243776F00D7F23C /* AlertView.swift */,
				356A4AA9224727E80080DD9A /* VerticalProfileView.swift */,
				356A4AAB224727FD0080DD9A /* VerticalProfileView.xib */,
			);
			path = CommonView;
			sourceTree = "<group>";
		};
		35D6AA3322410BF1002DCD9F /* match */ = {
			isa = PBXGroup;
			children = (
				35D6AA3422410C08002DCD9F /* MatchRepository.swift */,
				35D6AA3622411415002DCD9F /* RequestMatch.swift */,
			);
			path = match;
			sourceTree = "<group>";
		};
		3CABDFAAB0795BC6ED04C80E /* Frameworks */ = {
			isa = PBXGroup;
			children = (
				6DD4333B2CEFCA2ADBB60635 /* Pods_MapDemoApp.framework */,
			);
			name = Frameworks;
			sourceTree = "<group>";
		};
		927B79D122369FF2001F8A36 /* MyProfile */ = {
			isa = PBXGroup;
			children = (
				927B79DF22369FF2001F8A36 /* MyProfileViewController.swift */,
				927B79FD2236A4CE001F8A36 /* ProfileEditViewController.swift */,
			);
			path = MyProfile;
			sourceTree = "<group>";
		};
		927B79D222369FF2001F8A36 /* resouce */ = {
			isa = PBXGroup;
			children = (
				D8B68BB5223D284A00501D7E /* back.png */,
				D8B68BB1223B570300501D7E /* addimg.png */,
				D8B68BB3223CE35B00501D7E /* delete.png */,
				D8B68BAF223A0D9100501D7E /* frame.png */,
				927B79D322369FF2001F8A36 /* image00.jpg */,
				927B79D422369FF2001F8A36 /* image01.jpg */,
				927B79D522369FF2001F8A36 /* image03.jpg */,
				927B79D622369FF2001F8A36 /* image02.jpg */,
				927B79D722369FF2001F8A36 /* image06.jpg */,
				927B79D822369FF2001F8A36 /* image07.jpg */,
				927B79D922369FF2001F8A36 /* image05.jpg */,
				927B79DA22369FF2001F8A36 /* image04.jpg */,
				927B79DB22369FF2001F8A36 /* image09.jpg */,
				927B79DC22369FF2001F8A36 /* image08.jpg */,
			);
			path = resouce;
			sourceTree = "<group>";
		};
		927B79E022369FF2001F8A36 /* Data */ = {
			isa = PBXGroup;
			children = (
				927B79E122369FF2001F8A36 /* Data.swift */,
				927B79E222369FF2001F8A36 /* DataSourceCountsProvider.swift */,
				927B79E322369FF2001F8A36 /* DataSource.swift */,
			);
			path = Data;
			sourceTree = "<group>";
		};
		927B79E422369FF2001F8A36 /* Views */ = {
			isa = PBXGroup;
			children = (
				927B79E522369FF2001F8A36 /* Cell.swift */,
				927B79E622369FF2001F8A36 /* ItemCreationPanelView.swift */,
				927B79E722369FF2001F8A36 /* Header.swift */,
			);
			path = Views;
			sourceTree = "<group>";
		};
		D8B68BAC22389A3700501D7E /* UtilsTM */ = {
			isa = PBXGroup;
			children = (
				35A4081B223C89D4007BDF06 /* commonFuncs.swift */,
				927B79DE22369FF2001F8A36 /* Colors.swift */,
				927B79E022369FF2001F8A36 /* Data */,
				927B79E422369FF2001F8A36 /* Views */,
				927B79D222369FF2001F8A36 /* resouce */,
			);
			path = UtilsTM;
			sourceTree = "<group>";
		};
		D8FAA069224B270D00F0BA8A /* profile */ = {
			isa = PBXGroup;
			children = (
				D8FAA06A224B27AB00F0BA8A /* firebaceProc.swift */,
			);
			path = profile;
			sourceTree = "<group>";
		};
		E496487D896D7B5AF6C5E99C /* Pods */ = {
			isa = PBXGroup;
			children = (
				EEB1E5F862D85A6C22AAC394 /* Pods-MapDemoApp.debug.xcconfig */,
				2F655C20A44D80BE930D676E /* Pods-MapDemoApp.release.xcconfig */,
			);
			name = Pods;
			sourceTree = "<group>";
		};
/* End PBXGroup section */

/* Begin PBXNativeTarget section */
		35AD2F5D2234216000CD86EE /* MapDemoApp */ = {
			isa = PBXNativeTarget;
			buildConfigurationList = 35AD2F702234216300CD86EE /* Build configuration list for PBXNativeTarget "MapDemoApp" */;
			buildPhases = (
				9DF932C31AD9870E7A5D21B8 /* [CP] Check Pods Manifest.lock */,
				35AD2F5A2234216000CD86EE /* Sources */,
				35AD2F5B2234216000CD86EE /* Frameworks */,
				35AD2F5C2234216000CD86EE /* Resources */,
				3C68C0C77209D7240B5D6F50 /* [CP] Embed Pods Frameworks */,
				0B3AAE8BD6340E598F268C6A /* [CP] Copy Pods Resources */,
			);
			buildRules = (
			);
			dependencies = (
			);
			name = MapDemoApp;
			productName = MapDemoApp;
			productReference = 35AD2F5E2234216000CD86EE /* MapDemoApp.app */;
			productType = "com.apple.product-type.application";
		};
/* End PBXNativeTarget section */

/* Begin PBXProject section */
		35AD2F562234216000CD86EE /* Project object */ = {
			isa = PBXProject;
			attributes = {
				LastSwiftUpdateCheck = 1010;
				LastUpgradeCheck = 1010;
				ORGANIZATIONNAME = kitaharamugirou;
				TargetAttributes = {
					35AD2F5D2234216000CD86EE = {
						CreatedOnToolsVersion = 10.1;
					};
				};
			};
			buildConfigurationList = 35AD2F592234216000CD86EE /* Build configuration list for PBXProject "MapDemoApp" */;
			compatibilityVersion = "Xcode 9.3";
			developmentRegion = en;
			hasScannedForEncodings = 0;
			knownRegions = (
				en,
				Base,
			);
			mainGroup = 35AD2F552234216000CD86EE;
			productRefGroup = 35AD2F5F2234216000CD86EE /* Products */;
			projectDirPath = "";
			projectRoot = "";
			targets = (
				35AD2F5D2234216000CD86EE /* MapDemoApp */,
			);
		};
/* End PBXProject section */

/* Begin PBXResourcesBuildPhase section */
		35AD2F5C2234216000CD86EE /* Resources */ = {
			isa = PBXResourcesBuildPhase;
			buildActionMask = 2147483647;
			files = (
				35D5D08A2242C24D0035E099 /* chat_icon.jpg in Resources */,
				35CB412922437D4A00D7F23C /* Common.strings in Resources */,
				35BBB359223BE42D00C484AC /* SliderCellTableViewCell.xib in Resources */,
				35AD2F6C2234216300CD86EE /* LaunchScreen.storyboard in Resources */,
				3540188B223A45000002BCF2 /* default_profile_image.png in Resources */,
				927B79EF22369FF3001F8A36 /* image04.jpg in Resources */,
				35AD2F692234216300CD86EE /* Assets.xcassets in Resources */,
				35D5D0912242D8760035E099 /* MinimumProfileView.xib in Resources */,
				D8B68BB4223CE35B00501D7E /* delete.png in Resources */,
				35CB412822437B5200D7F23C /* MapStrings.strings in Resources */,
				356A4AAC224727FD0080DD9A /* VerticalProfileView.xib in Resources */,
				927B79EE22369FF3001F8A36 /* image05.jpg in Resources */,
				35BBB35F223C1BC400C484AC /* setting2.png in Resources */,
				927B79EC22369FF3001F8A36 /* image06.jpg in Resources */,
				927B79F122369FF3001F8A36 /* image08.jpg in Resources */,
				35A4081E223CE055007BDF06 /* GoogleService-Info.plist in Resources */,
				927B79EA22369FF3001F8A36 /* image03.jpg in Resources */,
				35068EEF224257BC00DDC7D5 /* ChatStrings.strings in Resources */,
				D8B68BB0223A0D9200501D7E /* frame.png in Resources */,
				927B79ED22369FF3001F8A36 /* image07.jpg in Resources */,
				927B79E922369FF3001F8A36 /* image01.jpg in Resources */,
				927B79E822369FF3001F8A36 /* image00.jpg in Resources */,
				D8B68BB6223D284A00501D7E /* back.png in Resources */,
				D8B68BB2223B570300501D7E /* addimg.png in Resources */,
				927B79EB22369FF3001F8A36 /* image02.jpg in Resources */,
				927B79F022369FF3001F8A36 /* image09.jpg in Resources */,
			);
			runOnlyForDeploymentPostprocessing = 0;
		};
/* End PBXResourcesBuildPhase section */

/* Begin PBXShellScriptBuildPhase section */
		0B3AAE8BD6340E598F268C6A /* [CP] Copy Pods Resources */ = {
			isa = PBXShellScriptBuildPhase;
			buildActionMask = 2147483647;
			files = (
			);
			inputPaths = (
				"${PODS_ROOT}/Target Support Files/Pods-MapDemoApp/Pods-MapDemoApp-resources.sh",
				"${PODS_CONFIGURATION_BUILD_DIR}/FirebaseUI/FirebaseAnonymousAuthUI.bundle",
				"${PODS_CONFIGURATION_BUILD_DIR}/FirebaseUI/FirebaseAuthUI.bundle",
				"${PODS_CONFIGURATION_BUILD_DIR}/FirebaseUI/FirebaseEmailAuthUI.bundle",
				"${PODS_CONFIGURATION_BUILD_DIR}/FirebaseUI/FirebaseFacebookAuthUI.bundle",
				"${PODS_CONFIGURATION_BUILD_DIR}/FirebaseUI/FirebaseGoogleAuthUI.bundle",
				"${PODS_CONFIGURATION_BUILD_DIR}/FirebaseUI/FirebasePhoneAuthUI.bundle",
				"${PODS_CONFIGURATION_BUILD_DIR}/FirebaseUI/FirebaseTwitterAuthUI.bundle",
				"${PODS_ROOT}/GoogleSignIn/Resources/GoogleSignIn.bundle",
				"${PODS_ROOT}/TwitterKit/iOS/TwitterKit.framework/TwitterKitResources.bundle",
			);
			name = "[CP] Copy Pods Resources";
			outputPaths = (
				"${TARGET_BUILD_DIR}/${UNLOCALIZED_RESOURCES_FOLDER_PATH}/FirebaseAnonymousAuthUI.bundle",
				"${TARGET_BUILD_DIR}/${UNLOCALIZED_RESOURCES_FOLDER_PATH}/FirebaseAuthUI.bundle",
				"${TARGET_BUILD_DIR}/${UNLOCALIZED_RESOURCES_FOLDER_PATH}/FirebaseEmailAuthUI.bundle",
				"${TARGET_BUILD_DIR}/${UNLOCALIZED_RESOURCES_FOLDER_PATH}/FirebaseFacebookAuthUI.bundle",
				"${TARGET_BUILD_DIR}/${UNLOCALIZED_RESOURCES_FOLDER_PATH}/FirebaseGoogleAuthUI.bundle",
				"${TARGET_BUILD_DIR}/${UNLOCALIZED_RESOURCES_FOLDER_PATH}/FirebasePhoneAuthUI.bundle",
				"${TARGET_BUILD_DIR}/${UNLOCALIZED_RESOURCES_FOLDER_PATH}/FirebaseTwitterAuthUI.bundle",
				"${TARGET_BUILD_DIR}/${UNLOCALIZED_RESOURCES_FOLDER_PATH}/GoogleSignIn.bundle",
				"${TARGET_BUILD_DIR}/${UNLOCALIZED_RESOURCES_FOLDER_PATH}/TwitterKitResources.bundle",
			);
			runOnlyForDeploymentPostprocessing = 0;
			shellPath = /bin/sh;
			shellScript = "\"${PODS_ROOT}/Target Support Files/Pods-MapDemoApp/Pods-MapDemoApp-resources.sh\"\n";
			showEnvVarsInLog = 0;
		};
		3C68C0C77209D7240B5D6F50 /* [CP] Embed Pods Frameworks */ = {
			isa = PBXShellScriptBuildPhase;
			buildActionMask = 2147483647;
			files = (
			);
			inputPaths = (
				"${PODS_ROOT}/Target Support Files/Pods-MapDemoApp/Pods-MapDemoApp-frameworks.sh",
				"${BUILT_PRODUCTS_DIR}/Alamofire/Alamofire.framework",
				"${BUILT_PRODUCTS_DIR}/AvailableHapticFeedback/AvailableHapticFeedback.framework",
				"${BUILT_PRODUCTS_DIR}/Bolts/Bolts.framework",
				"${BUILT_PRODUCTS_DIR}/BoringSSL-GRPC/openssl_grpc.framework",
				"${BUILT_PRODUCTS_DIR}/Cartography/Cartography.framework",
				"${BUILT_PRODUCTS_DIR}/Cosmos/Cosmos.framework",
				"${BUILT_PRODUCTS_DIR}/FBSDKCoreKit/FBSDKCoreKit.framework",
				"${BUILT_PRODUCTS_DIR}/FBSDKLoginKit/FBSDKLoginKit.framework",
				"${BUILT_PRODUCTS_DIR}/FlexiblePageControl/FlexiblePageControl.framework",
				"${BUILT_PRODUCTS_DIR}/GTMSessionFetcher/GTMSessionFetcher.framework",
				"${BUILT_PRODUCTS_DIR}/GoogleToolboxForMac/GoogleToolboxForMac.framework",
				"${BUILT_PRODUCTS_DIR}/GoogleUtilities/GoogleUtilities.framework",
				"${BUILT_PRODUCTS_DIR}/MagazineLayout/MagazineLayout.framework",
				"${BUILT_PRODUCTS_DIR}/MessageKit/MessageKit.framework",
				"${BUILT_PRODUCTS_DIR}/MiniLayout/MiniLayout.framework",
				"${BUILT_PRODUCTS_DIR}/MultiSlider/MultiSlider.framework",
				"${BUILT_PRODUCTS_DIR}/Protobuf/Protobuf.framework",
				"${BUILT_PRODUCTS_DIR}/PullToDismissTransition/PullToDismissTransition.framework",
				"${BUILT_PRODUCTS_DIR}/RAMPaperSwitch/RAMPaperSwitch.framework",
				"${BUILT_PRODUCTS_DIR}/SDWebImage/SDWebImage.framework",
				"${BUILT_PRODUCTS_DIR}/SHSearchBar/SHSearchBar.framework",
				"${BUILT_PRODUCTS_DIR}/SwiftIcons/SwiftIcons.framework",
				"${BUILT_PRODUCTS_DIR}/TinyConstraints/TinyConstraints.framework",
				"${PODS_ROOT}/TwitterCore/iOS/TwitterCore.framework",
				"${PODS_ROOT}/TwitterKit/iOS/TwitterKit.framework",
				"${BUILT_PRODUCTS_DIR}/gRPC-C++/grpcpp.framework",
				"${BUILT_PRODUCTS_DIR}/gRPC-Core/grpc.framework",
				"${BUILT_PRODUCTS_DIR}/leveldb-library/leveldb.framework",
				"${BUILT_PRODUCTS_DIR}/nanopb/nanopb.framework",
			);
			name = "[CP] Embed Pods Frameworks";
			outputPaths = (
				"${TARGET_BUILD_DIR}/${FRAMEWORKS_FOLDER_PATH}/Alamofire.framework",
				"${TARGET_BUILD_DIR}/${FRAMEWORKS_FOLDER_PATH}/AvailableHapticFeedback.framework",
				"${TARGET_BUILD_DIR}/${FRAMEWORKS_FOLDER_PATH}/Bolts.framework",
				"${TARGET_BUILD_DIR}/${FRAMEWORKS_FOLDER_PATH}/openssl_grpc.framework",
				"${TARGET_BUILD_DIR}/${FRAMEWORKS_FOLDER_PATH}/Cartography.framework",
				"${TARGET_BUILD_DIR}/${FRAMEWORKS_FOLDER_PATH}/Cosmos.framework",
				"${TARGET_BUILD_DIR}/${FRAMEWORKS_FOLDER_PATH}/FBSDKCoreKit.framework",
				"${TARGET_BUILD_DIR}/${FRAMEWORKS_FOLDER_PATH}/FBSDKLoginKit.framework",
				"${TARGET_BUILD_DIR}/${FRAMEWORKS_FOLDER_PATH}/FlexiblePageControl.framework",
				"${TARGET_BUILD_DIR}/${FRAMEWORKS_FOLDER_PATH}/GTMSessionFetcher.framework",
				"${TARGET_BUILD_DIR}/${FRAMEWORKS_FOLDER_PATH}/GoogleToolboxForMac.framework",
				"${TARGET_BUILD_DIR}/${FRAMEWORKS_FOLDER_PATH}/GoogleUtilities.framework",
				"${TARGET_BUILD_DIR}/${FRAMEWORKS_FOLDER_PATH}/MagazineLayout.framework",
				"${TARGET_BUILD_DIR}/${FRAMEWORKS_FOLDER_PATH}/MessageKit.framework",
				"${TARGET_BUILD_DIR}/${FRAMEWORKS_FOLDER_PATH}/MiniLayout.framework",
				"${TARGET_BUILD_DIR}/${FRAMEWORKS_FOLDER_PATH}/MultiSlider.framework",
				"${TARGET_BUILD_DIR}/${FRAMEWORKS_FOLDER_PATH}/Protobuf.framework",
				"${TARGET_BUILD_DIR}/${FRAMEWORKS_FOLDER_PATH}/PullToDismissTransition.framework",
				"${TARGET_BUILD_DIR}/${FRAMEWORKS_FOLDER_PATH}/RAMPaperSwitch.framework",
				"${TARGET_BUILD_DIR}/${FRAMEWORKS_FOLDER_PATH}/SDWebImage.framework",
				"${TARGET_BUILD_DIR}/${FRAMEWORKS_FOLDER_PATH}/SHSearchBar.framework",
				"${TARGET_BUILD_DIR}/${FRAMEWORKS_FOLDER_PATH}/SwiftIcons.framework",
				"${TARGET_BUILD_DIR}/${FRAMEWORKS_FOLDER_PATH}/TinyConstraints.framework",
				"${TARGET_BUILD_DIR}/${FRAMEWORKS_FOLDER_PATH}/TwitterCore.framework",
				"${TARGET_BUILD_DIR}/${FRAMEWORKS_FOLDER_PATH}/TwitterKit.framework",
				"${TARGET_BUILD_DIR}/${FRAMEWORKS_FOLDER_PATH}/grpcpp.framework",
				"${TARGET_BUILD_DIR}/${FRAMEWORKS_FOLDER_PATH}/grpc.framework",
				"${TARGET_BUILD_DIR}/${FRAMEWORKS_FOLDER_PATH}/leveldb.framework",
				"${TARGET_BUILD_DIR}/${FRAMEWORKS_FOLDER_PATH}/nanopb.framework",
			);
			runOnlyForDeploymentPostprocessing = 0;
			shellPath = /bin/sh;
			shellScript = "\"${PODS_ROOT}/Target Support Files/Pods-MapDemoApp/Pods-MapDemoApp-frameworks.sh\"\n";
			showEnvVarsInLog = 0;
		};
		9DF932C31AD9870E7A5D21B8 /* [CP] Check Pods Manifest.lock */ = {
			isa = PBXShellScriptBuildPhase;
			buildActionMask = 2147483647;
			files = (
			);
			inputPaths = (
				"${PODS_PODFILE_DIR_PATH}/Podfile.lock",
				"${PODS_ROOT}/Manifest.lock",
			);
			name = "[CP] Check Pods Manifest.lock";
			outputPaths = (
				"$(DERIVED_FILE_DIR)/Pods-MapDemoApp-checkManifestLockResult.txt",
			);
			runOnlyForDeploymentPostprocessing = 0;
			shellPath = /bin/sh;
			shellScript = "diff \"${PODS_PODFILE_DIR_PATH}/Podfile.lock\" \"${PODS_ROOT}/Manifest.lock\" > /dev/null\nif [ $? != 0 ] ; then\n    # print error to STDERR\n    echo \"error: The sandbox is not in sync with the Podfile.lock. Run 'pod install' or update your CocoaPods installation.\" >&2\n    exit 1\nfi\n# This output is used by Xcode 'outputs' to avoid re-running this script phase.\necho \"SUCCESS\" > \"${SCRIPT_OUTPUT_FILE_0}\"\n";
			showEnvVarsInLog = 0;
		};
/* End PBXShellScriptBuildPhase section */

/* Begin PBXSourcesBuildPhase section */
		35AD2F5A2234216000CD86EE /* Sources */ = {
			isa = PBXSourcesBuildPhase;
			buildActionMask = 2147483647;
			files = (
				35D5D08F2242D8370035E099 /* MinimumProfileView.swift in Sources */,
				35A4081C223C89D5007BDF06 /* commonFuncs.swift in Sources */,
				35401886223A22610002BCF2 /* DiscoverySettingViewController.swift in Sources */,
				35AD2F84223432B600CD86EE /* MapUseCase.swift in Sources */,
				35D5D08D2242D62B0035E099 /* RatingView.swift in Sources */,
				35CB41262243777000D7F23C /* AlertView.swift in Sources */,
				355D718A224CCB8C00C3CAC1 /* RateUserViewController.swift in Sources */,
				3583CECD2234F7CA00621F1F /* ChatMessage.swift in Sources */,
				353D909622369613004BB44C /* UIView extension.swift in Sources */,
				35AD2F8022342D9400CD86EE /* LocationLog.swift in Sources */,
				35CB41242243756000D7F23C /* PopupUtils.swift in Sources */,
				35AD2F8E22343D9100CD86EE /* FloatingRectangleView.swift in Sources */,
				35BBB35D223C0B0B00C484AC /* UserDefaultsUseCase.swift in Sources */,
				927B79F422369FF3001F8A36 /* MyProfileViewController.swift in Sources */,
				927B79F822369FF3001F8A36 /* Cell.swift in Sources */,
				35401895223AA84A0002BCF2 /* GetNearPeopleNumber.swift in Sources */,
				35BBB358223BE42D00C484AC /* SliderCellTableViewCell.swift in Sources */,
				3583CEBA2234C3B200621F1F /* Color.swift in Sources */,
				3583CEBD2234C56B00621F1F /* MapBottomView.swift in Sources */,
				35A40829223D046A007BDF06 /* UserDataModel.swift in Sources */,
				35CB4122224374C900D7F23C /* PopupShowable.swift in Sources */,
				35D6AA3522410C08002DCD9F /* MatchRepository.swift in Sources */,
				927B79FE2236A4CE001F8A36 /* ProfileEditViewController.swift in Sources */,
				3583CED22234FCB400621F1F /* ChatMessageViewModel.swift in Sources */,
				3583CED02234FBCA00621F1F /* ChatRepository.swift in Sources */,
				35AD2F642234216000CD86EE /* HomeViewController.swift in Sources */,
				356A4AA8224717B80080DD9A /* CustomPresentationController.swift in Sources */,
				35AD2F782234243F00CD86EE /* MapView.swift in Sources */,
				35D5D0932242DDFD0035E099 /* NibHelper + extension.swift in Sources */,
				3540188D223A46110002BCF2 /* UIImage extension.swift in Sources */,
				353D908F22367453004BB44C /* MapModel.swift in Sources */,
				927B79F622369FF3001F8A36 /* DataSourceCountsProvider.swift in Sources */,
				35401893223AA50A0002BCF2 /* RequestProtocol.swift in Sources */,
				35A4082B223D1AA7007BDF06 /* ChatFireStore.swift in Sources */,
				927B79F322369FF3001F8A36 /* Colors.swift in Sources */,
				353D908F22367453004BB44C /* MapModel.swift in Sources */,
				927B79F622369FF3001F8A36 /* DataSourceCountsProvider.swift in Sources */,
				927B79F322369FF3001F8A36 /* Colors.swift in Sources */,
				3583CEC42234D57B00621F1F /* Font.swift in Sources */,
				35A40823223CFF0E007BDF06 /* FirebaseUseCase.swift in Sources */,
				927B79F522369FF3001F8A36 /* Data.swift in Sources */,
				35AD2F76223423B800CD86EE /* MapViewController.swift in Sources */,
				356D38E42246812B0024F97E /* MapSearchBarView.swift in Sources */,
				353D909422368773004BB44C /* MapUtils.swift in Sources */,
				353BEE6D2237E5E600F956D9 /* MapKit extension.swift in Sources */,
				35D6AA3722411415002DCD9F /* RequestMatch.swift in Sources */,
				3583CED42234FFA900621F1F /* ChatUseCase.swift in Sources */,
				356A4AAA224727E80080DD9A /* VerticalProfileView.swift in Sources */,
				353D908B22367329004BB44C /* MapState.swift in Sources */,
				3583CED42234FFA900621F1F /* ChatUseCase.swift in Sources */,
				35A40821223CE9FD007BDF06 /* LoginViewController.swift in Sources */,
				3583CED42234FFA900621F1F /* ChatUseCase.swift in Sources */,
				3583CEC72234EF1400621F1F /* MatchPopupViewController.swift in Sources */,
				3583CEB72234C1D700621F1F /* RoundFloatingButton.swift in Sources */,
				35AD2F87223433DB00CD86EE /* MapRepository.swift in Sources */,
				356D38E2224535D60024F97E /* CustomMKCircle.swift in Sources */,
				35CB411F2243605200D7F23C /* AnimationUtils.swift in Sources */,
				3583CEC02234C99F00621F1F /* CommonUtils.swift in Sources */,
				927B79F922369FF3001F8A36 /* ItemCreationPanelView.swift in Sources */,
				D8FAA06B224B27AB00F0BA8A /* firebaceProc.swift in Sources */,
				35068EF322429F1D00DDC7D5 /* ChatContainerViewController.swift in Sources */,
				35D32F4122412C5E00A83141 /* MapBottomWhenMatchedView.swift in Sources */,
				927B79FA22369FF3001F8A36 /* Header.swift in Sources */,
				3583CECA2234F26A00621F1F /* ChatViewController.swift in Sources */,
				35401891223AA4DA0002BCF2 /* APIClient.swift in Sources */,
				927B79F722369FF3001F8A36 /* DataSource.swift in Sources */,
				35401888223A3E3F0002BCF2 /* CustomAnnotationView.swift in Sources */,
				35A4082F223D6206007BDF06 /* MapFireStore.swift in Sources */,
				35D6AA3222410BE0002DCD9F /* MatchUseCase.swift in Sources */,
				35AD2F622234216000CD86EE /* AppDelegate.swift in Sources */,
			);
			runOnlyForDeploymentPostprocessing = 0;
		};
/* End PBXSourcesBuildPhase section */

/* Begin PBXVariantGroup section */
		35068EF1224257BC00DDC7D5 /* ChatStrings.strings */ = {
			isa = PBXVariantGroup;
			children = (
				35068EF0224257BC00DDC7D5 /* en */,
			);
			name = ChatStrings.strings;
			sourceTree = "<group>";
		};
		35AD2F6A2234216300CD86EE /* LaunchScreen.storyboard */ = {
			isa = PBXVariantGroup;
			children = (
				35AD2F6B2234216300CD86EE /* Base */,
			);
			name = LaunchScreen.storyboard;
			sourceTree = "<group>";
		};
		35CB412B22437D4A00D7F23C /* Common.strings */ = {
			isa = PBXVariantGroup;
			children = (
				35CB412A22437D4A00D7F23C /* en */,
			);
			name = Common.strings;
			sourceTree = "<group>";
		};
/* End PBXVariantGroup section */

/* Begin XCBuildConfiguration section */
		35AD2F6E2234216300CD86EE /* Debug */ = {
			isa = XCBuildConfiguration;
			buildSettings = {
				ALWAYS_SEARCH_USER_PATHS = NO;
				CLANG_ANALYZER_NONNULL = YES;
				CLANG_ANALYZER_NUMBER_OBJECT_CONVERSION = YES_AGGRESSIVE;
				CLANG_CXX_LANGUAGE_STANDARD = "gnu++14";
				CLANG_CXX_LIBRARY = "libc++";
				CLANG_ENABLE_MODULES = YES;
				CLANG_ENABLE_OBJC_ARC = YES;
				CLANG_ENABLE_OBJC_WEAK = YES;
				CLANG_WARN_BLOCK_CAPTURE_AUTORELEASING = YES;
				CLANG_WARN_BOOL_CONVERSION = YES;
				CLANG_WARN_COMMA = YES;
				CLANG_WARN_CONSTANT_CONVERSION = YES;
				CLANG_WARN_DEPRECATED_OBJC_IMPLEMENTATIONS = YES;
				CLANG_WARN_DIRECT_OBJC_ISA_USAGE = YES_ERROR;
				CLANG_WARN_DOCUMENTATION_COMMENTS = YES;
				CLANG_WARN_EMPTY_BODY = YES;
				CLANG_WARN_ENUM_CONVERSION = YES;
				CLANG_WARN_INFINITE_RECURSION = YES;
				CLANG_WARN_INT_CONVERSION = YES;
				CLANG_WARN_NON_LITERAL_NULL_CONVERSION = YES;
				CLANG_WARN_OBJC_IMPLICIT_RETAIN_SELF = YES;
				CLANG_WARN_OBJC_LITERAL_CONVERSION = YES;
				CLANG_WARN_OBJC_ROOT_CLASS = YES_ERROR;
				CLANG_WARN_RANGE_LOOP_ANALYSIS = YES;
				CLANG_WARN_STRICT_PROTOTYPES = YES;
				CLANG_WARN_SUSPICIOUS_MOVE = YES;
				CLANG_WARN_UNGUARDED_AVAILABILITY = YES_AGGRESSIVE;
				CLANG_WARN_UNREACHABLE_CODE = YES;
				CLANG_WARN__DUPLICATE_METHOD_MATCH = YES;
				CODE_SIGN_IDENTITY = "iPhone Developer";
				COPY_PHASE_STRIP = NO;
				DEBUG_INFORMATION_FORMAT = dwarf;
				ENABLE_STRICT_OBJC_MSGSEND = YES;
				ENABLE_TESTABILITY = YES;
				GCC_C_LANGUAGE_STANDARD = gnu11;
				GCC_DYNAMIC_NO_PIC = NO;
				GCC_NO_COMMON_BLOCKS = YES;
				GCC_OPTIMIZATION_LEVEL = 0;
				GCC_PREPROCESSOR_DEFINITIONS = (
					"DEBUG=1",
					"$(inherited)",
				);
				GCC_WARN_64_TO_32_BIT_CONVERSION = YES;
				GCC_WARN_ABOUT_RETURN_TYPE = YES_ERROR;
				GCC_WARN_UNDECLARED_SELECTOR = YES;
				GCC_WARN_UNINITIALIZED_AUTOS = YES_AGGRESSIVE;
				GCC_WARN_UNUSED_FUNCTION = YES;
				GCC_WARN_UNUSED_VARIABLE = YES;
				IPHONEOS_DEPLOYMENT_TARGET = 12.1;
				MTL_ENABLE_DEBUG_INFO = INCLUDE_SOURCE;
				MTL_FAST_MATH = YES;
				ONLY_ACTIVE_ARCH = YES;
				SDKROOT = iphoneos;
				SWIFT_ACTIVE_COMPILATION_CONDITIONS = DEBUG;
				SWIFT_OPTIMIZATION_LEVEL = "-Onone";
			};
			name = Debug;
		};
		35AD2F6F2234216300CD86EE /* Release */ = {
			isa = XCBuildConfiguration;
			buildSettings = {
				ALWAYS_SEARCH_USER_PATHS = NO;
				CLANG_ANALYZER_NONNULL = YES;
				CLANG_ANALYZER_NUMBER_OBJECT_CONVERSION = YES_AGGRESSIVE;
				CLANG_CXX_LANGUAGE_STANDARD = "gnu++14";
				CLANG_CXX_LIBRARY = "libc++";
				CLANG_ENABLE_MODULES = YES;
				CLANG_ENABLE_OBJC_ARC = YES;
				CLANG_ENABLE_OBJC_WEAK = YES;
				CLANG_WARN_BLOCK_CAPTURE_AUTORELEASING = YES;
				CLANG_WARN_BOOL_CONVERSION = YES;
				CLANG_WARN_COMMA = YES;
				CLANG_WARN_CONSTANT_CONVERSION = YES;
				CLANG_WARN_DEPRECATED_OBJC_IMPLEMENTATIONS = YES;
				CLANG_WARN_DIRECT_OBJC_ISA_USAGE = YES_ERROR;
				CLANG_WARN_DOCUMENTATION_COMMENTS = YES;
				CLANG_WARN_EMPTY_BODY = YES;
				CLANG_WARN_ENUM_CONVERSION = YES;
				CLANG_WARN_INFINITE_RECURSION = YES;
				CLANG_WARN_INT_CONVERSION = YES;
				CLANG_WARN_NON_LITERAL_NULL_CONVERSION = YES;
				CLANG_WARN_OBJC_IMPLICIT_RETAIN_SELF = YES;
				CLANG_WARN_OBJC_LITERAL_CONVERSION = YES;
				CLANG_WARN_OBJC_ROOT_CLASS = YES_ERROR;
				CLANG_WARN_RANGE_LOOP_ANALYSIS = YES;
				CLANG_WARN_STRICT_PROTOTYPES = YES;
				CLANG_WARN_SUSPICIOUS_MOVE = YES;
				CLANG_WARN_UNGUARDED_AVAILABILITY = YES_AGGRESSIVE;
				CLANG_WARN_UNREACHABLE_CODE = YES;
				CLANG_WARN__DUPLICATE_METHOD_MATCH = YES;
				CODE_SIGN_IDENTITY = "iPhone Developer";
				COPY_PHASE_STRIP = NO;
				DEBUG_INFORMATION_FORMAT = "dwarf-with-dsym";
				ENABLE_NS_ASSERTIONS = NO;
				ENABLE_STRICT_OBJC_MSGSEND = YES;
				GCC_C_LANGUAGE_STANDARD = gnu11;
				GCC_NO_COMMON_BLOCKS = YES;
				GCC_WARN_64_TO_32_BIT_CONVERSION = YES;
				GCC_WARN_ABOUT_RETURN_TYPE = YES_ERROR;
				GCC_WARN_UNDECLARED_SELECTOR = YES;
				GCC_WARN_UNINITIALIZED_AUTOS = YES_AGGRESSIVE;
				GCC_WARN_UNUSED_FUNCTION = YES;
				GCC_WARN_UNUSED_VARIABLE = YES;
				IPHONEOS_DEPLOYMENT_TARGET = 12.1;
				MTL_ENABLE_DEBUG_INFO = NO;
				MTL_FAST_MATH = YES;
				SDKROOT = iphoneos;
				SWIFT_COMPILATION_MODE = wholemodule;
				SWIFT_OPTIMIZATION_LEVEL = "-O";
				VALIDATE_PRODUCT = YES;
			};
			name = Release;
		};
		35AD2F712234216300CD86EE /* Debug */ = {
			isa = XCBuildConfiguration;
			baseConfigurationReference = EEB1E5F862D85A6C22AAC394 /* Pods-MapDemoApp.debug.xcconfig */;
			buildSettings = {
				ASSETCATALOG_COMPILER_APPICON_NAME = AppIcon;
				CODE_SIGN_IDENTITY = "iPhone Developer";
				CODE_SIGN_STYLE = Automatic;
				DEVELOPMENT_TEAM = 54NDTXK5D8;
				INFOPLIST_FILE = MapDemoApp/Info.plist;
				LD_RUNPATH_SEARCH_PATHS = (
					"$(inherited)",
					"@executable_path/Frameworks",
				);
				PRODUCT_BUNDLE_IDENTIFIER = chen.MapDemoApp;
				PRODUCT_NAME = "$(TARGET_NAME)";
				PROVISIONING_PROFILE_SPECIFIER = "";
				SWIFT_VERSION = 4.2;
				TARGETED_DEVICE_FAMILY = "1,2";
			};
			name = Debug;
		};
		35AD2F722234216300CD86EE /* Release */ = {
			isa = XCBuildConfiguration;
			baseConfigurationReference = 2F655C20A44D80BE930D676E /* Pods-MapDemoApp.release.xcconfig */;
			buildSettings = {
				ASSETCATALOG_COMPILER_APPICON_NAME = AppIcon;
				CODE_SIGN_IDENTITY = "iPhone Developer";
				CODE_SIGN_STYLE = Automatic;
				DEVELOPMENT_TEAM = 54NDTXK5D8;
				INFOPLIST_FILE = MapDemoApp/Info.plist;
				LD_RUNPATH_SEARCH_PATHS = (
					"$(inherited)",
					"@executable_path/Frameworks",
				);
				PRODUCT_BUNDLE_IDENTIFIER = chen.MapDemoApp;
				PRODUCT_NAME = "$(TARGET_NAME)";
				PROVISIONING_PROFILE_SPECIFIER = "";
				SWIFT_VERSION = 4.2;
				TARGETED_DEVICE_FAMILY = "1,2";
			};
			name = Release;
		};
/* End XCBuildConfiguration section */

/* Begin XCConfigurationList section */
		35AD2F592234216000CD86EE /* Build configuration list for PBXProject "MapDemoApp" */ = {
			isa = XCConfigurationList;
			buildConfigurations = (
				35AD2F6E2234216300CD86EE /* Debug */,
				35AD2F6F2234216300CD86EE /* Release */,
			);
			defaultConfigurationIsVisible = 0;
			defaultConfigurationName = Release;
		};
		35AD2F702234216300CD86EE /* Build configuration list for PBXNativeTarget "MapDemoApp" */ = {
			isa = XCConfigurationList;
			buildConfigurations = (
				35AD2F712234216300CD86EE /* Debug */,
				35AD2F722234216300CD86EE /* Release */,
			);
			defaultConfigurationIsVisible = 0;
			defaultConfigurationName = Release;
		};
/* End XCConfigurationList section */
	};
	rootObject = 35AD2F562234216000CD86EE /* Project object */;
}
